// !$*UTF8*$!
{
	archiveVersion = 1;
	classes = {
	};
	objectVersion = 50;
	objects = {

/* Begin PBXBuildFile section */
		4927E22820B25D3D00B48243 /* Heroes.swift in Sources */ = {isa = PBXBuildFile; fileRef = 4927E22720B25D3D00B48243 /* Heroes.swift */; };
		4942F50E20B1F54F00438F3A /* AppDelegate.swift in Sources */ = {isa = PBXBuildFile; fileRef = 4942F50D20B1F54F00438F3A /* AppDelegate.swift */; };
		4942F51520B1F55000438F3A /* Assets.xcassets in Resources */ = {isa = PBXBuildFile; fileRef = 4942F51420B1F55000438F3A /* Assets.xcassets */; };
		4942F51820B1F55000438F3A /* LaunchScreen.storyboard in Resources */ = {isa = PBXBuildFile; fileRef = 4942F51620B1F55000438F3A /* LaunchScreen.storyboard */; };
		49DA069320B240E900607A44 /* StoryboardIdentifiable.swift in Sources */ = {isa = PBXBuildFile; fileRef = 49DA069220B240E900607A44 /* StoryboardIdentifiable.swift */; };
		49DA069520B2415500607A44 /* Coordinator.swift in Sources */ = {isa = PBXBuildFile; fileRef = 49DA069420B2415500607A44 /* Coordinator.swift */; };
		49DA069920B2427100607A44 /* AppCoordinator.swift in Sources */ = {isa = PBXBuildFile; fileRef = 49DA069820B2427100607A44 /* AppCoordinator.swift */; };
		49DA069B20B244AB00607A44 /* LoginCoordinator.swift in Sources */ = {isa = PBXBuildFile; fileRef = 49DA069A20B244AB00607A44 /* LoginCoordinator.swift */; };
		49DA069D20B244C800607A44 /* LoginViewController.swift in Sources */ = {isa = PBXBuildFile; fileRef = 49DA069C20B244C800607A44 /* LoginViewController.swift */; };
		49DA069F20B244E300607A44 /* ForgotPasswordViewController.swift in Sources */ = {isa = PBXBuildFile; fileRef = 49DA069E20B244E300607A44 /* ForgotPasswordViewController.swift */; };
		49DA06A320B2451F00607A44 /* HeroesCoordinator.swift in Sources */ = {isa = PBXBuildFile; fileRef = 49DA06A220B2451F00607A44 /* HeroesCoordinator.swift */; };
		49DA06A520B2452D00607A44 /* HeroesViewController.swift in Sources */ = {isa = PBXBuildFile; fileRef = 49DA06A420B2452D00607A44 /* HeroesViewController.swift */; };
		49DA06A720B2453800607A44 /* PowersViewController.swift in Sources */ = {isa = PBXBuildFile; fileRef = 49DA06A620B2453800607A44 /* PowersViewController.swift */; };
		49DA06A920B2454F00607A44 /* Login.storyboard in Resources */ = {isa = PBXBuildFile; fileRef = 49DA06A820B2454F00607A44 /* Login.storyboard */; };
		49DA06AB20B2455D00607A44 /* Heroes.storyboard in Resources */ = {isa = PBXBuildFile; fileRef = 49DA06AA20B2455D00607A44 /* Heroes.storyboard */; };
		49DA06AD20B24FEC00607A44 /* Main.storyboard in Resources */ = {isa = PBXBuildFile; fileRef = 49DA06AC20B24FEC00607A44 /* Main.storyboard */; };
/* End PBXBuildFile section */

/* Begin PBXFileReference section */
		4927E22720B25D3D00B48243 /* Heroes.swift */ = {isa = PBXFileReference; lastKnownFileType = sourcecode.swift; path = Heroes.swift; sourceTree = "<group>"; };
		4942F50A20B1F54F00438F3A /* CoordinatorsExample.app */ = {isa = PBXFileReference; explicitFileType = wrapper.application; includeInIndex = 0; path = CoordinatorsExample.app; sourceTree = BUILT_PRODUCTS_DIR; };
		4942F50D20B1F54F00438F3A /* AppDelegate.swift */ = {isa = PBXFileReference; lastKnownFileType = sourcecode.swift; path = AppDelegate.swift; sourceTree = "<group>"; };
		4942F51420B1F55000438F3A /* Assets.xcassets */ = {isa = PBXFileReference; lastKnownFileType = folder.assetcatalog; path = Assets.xcassets; sourceTree = "<group>"; };
		4942F51720B1F55000438F3A /* Base */ = {isa = PBXFileReference; lastKnownFileType = file.storyboard; name = Base; path = Base.lproj/LaunchScreen.storyboard; sourceTree = "<group>"; };
		4942F51920B1F55000438F3A /* Info.plist */ = {isa = PBXFileReference; lastKnownFileType = text.plist.xml; path = Info.plist; sourceTree = "<group>"; };
		49DA069220B240E900607A44 /* StoryboardIdentifiable.swift */ = {isa = PBXFileReference; fileEncoding = 4; lastKnownFileType = sourcecode.swift; path = StoryboardIdentifiable.swift; sourceTree = "<group>"; };
		49DA069420B2415500607A44 /* Coordinator.swift */ = {isa = PBXFileReference; fileEncoding = 4; lastKnownFileType = sourcecode.swift; path = Coordinator.swift; sourceTree = "<group>"; };
		49DA069820B2427100607A44 /* AppCoordinator.swift */ = {isa = PBXFileReference; fileEncoding = 4; lastKnownFileType = sourcecode.swift; path = AppCoordinator.swift; sourceTree = "<group>"; };
		49DA069A20B244AB00607A44 /* LoginCoordinator.swift */ = {isa = PBXFileReference; lastKnownFileType = sourcecode.swift; path = LoginCoordinator.swift; sourceTree = "<group>"; };
		49DA069C20B244C800607A44 /* LoginViewController.swift */ = {isa = PBXFileReference; lastKnownFileType = sourcecode.swift; path = LoginViewController.swift; sourceTree = "<group>"; };
		49DA069E20B244E300607A44 /* ForgotPasswordViewController.swift */ = {isa = PBXFileReference; lastKnownFileType = sourcecode.swift; path = ForgotPasswordViewController.swift; sourceTree = "<group>"; };
		49DA06A220B2451F00607A44 /* HeroesCoordinator.swift */ = {isa = PBXFileReference; lastKnownFileType = sourcecode.swift; path = HeroesCoordinator.swift; sourceTree = "<group>"; };
		49DA06A420B2452D00607A44 /* HeroesViewController.swift */ = {isa = PBXFileReference; lastKnownFileType = sourcecode.swift; path = HeroesViewController.swift; sourceTree = "<group>"; };
		49DA06A620B2453800607A44 /* PowersViewController.swift */ = {isa = PBXFileReference; lastKnownFileType = sourcecode.swift; path = PowersViewController.swift; sourceTree = "<group>"; };
		49DA06A820B2454F00607A44 /* Login.storyboard */ = {isa = PBXFileReference; lastKnownFileType = file.storyboard; path = Login.storyboard; sourceTree = "<group>"; };
		49DA06AA20B2455D00607A44 /* Heroes.storyboard */ = {isa = PBXFileReference; lastKnownFileType = file.storyboard; path = Heroes.storyboard; sourceTree = "<group>"; };
		49DA06AC20B24FEC00607A44 /* Main.storyboard */ = {isa = PBXFileReference; lastKnownFileType = file.storyboard; path = Main.storyboard; sourceTree = "<group>"; };
/* End PBXFileReference section */

/* Begin PBXFrameworksBuildPhase section */
		4942F50720B1F54F00438F3A /* Frameworks */ = {
			isa = PBXFrameworksBuildPhase;
			buildActionMask = 2147483647;
			files = (
			);
			runOnlyForDeploymentPostprocessing = 0;
		};
/* End PBXFrameworksBuildPhase section */

/* Begin PBXGroup section */
		4942F50120B1F54F00438F3A = {
			isa = PBXGroup;
			children = (
				4942F50C20B1F54F00438F3A /* CoordinatorsExample */,
				4942F50B20B1F54F00438F3A /* Products */,
			);
			sourceTree = "<group>";
		};
		4942F50B20B1F54F00438F3A /* Products */ = {
			isa = PBXGroup;
			children = (
				4942F50A20B1F54F00438F3A /* CoordinatorsExample.app */,
			);
			name = Products;
			sourceTree = "<group>";
		};
		4942F50C20B1F54F00438F3A /* CoordinatorsExample */ = {
			isa = PBXGroup;
			children = (
				49DA069120B240C800607A44 /* Utility */,
				4942F50D20B1F54F00438F3A /* AppDelegate.swift */,
				49DA069820B2427100607A44 /* AppCoordinator.swift */,
				4927E22720B25D3D00B48243 /* Heroes.swift */,
				49DA06AC20B24FEC00607A44 /* Main.storyboard */,
				49DA069620B2423200607A44 /* Login */,
				49DA069720B2423A00607A44 /* Heros */,
				4942F51420B1F55000438F3A /* Assets.xcassets */,
				4942F51620B1F55000438F3A /* LaunchScreen.storyboard */,
				4942F51920B1F55000438F3A /* Info.plist */,
			);
			path = CoordinatorsExample;
			sourceTree = "<group>";
		};
		49DA069120B240C800607A44 /* Utility */ = {
			isa = PBXGroup;
			children = (
				49DA069420B2415500607A44 /* Coordinator.swift */,
				49DA069220B240E900607A44 /* StoryboardIdentifiable.swift */,
			);
			path = Utility;
			sourceTree = "<group>";
		};
		49DA069620B2423200607A44 /* Login */ = {
			isa = PBXGroup;
			children = (
				49DA06A820B2454F00607A44 /* Login.storyboard */,
				49DA069A20B244AB00607A44 /* LoginCoordinator.swift */,
				49DA069C20B244C800607A44 /* LoginViewController.swift */,
				49DA069E20B244E300607A44 /* ForgotPasswordViewController.swift */,
			);
			path = Login;
			sourceTree = "<group>";
		};
		49DA069720B2423A00607A44 /* Heros */ = {
			isa = PBXGroup;
			children = (
				49DA06AA20B2455D00607A44 /* Heroes.storyboard */,
				49DA06A220B2451F00607A44 /* HeroesCoordinator.swift */,
				49DA06A420B2452D00607A44 /* HeroesViewController.swift */,
				49DA06A620B2453800607A44 /* PowersViewController.swift */,
			);
			path = Heros;
			sourceTree = "<group>";
		};
/* End PBXGroup section */

/* Begin PBXNativeTarget section */
		4942F50920B1F54F00438F3A /* CoordinatorsExample */ = {
			isa = PBXNativeTarget;
			buildConfigurationList = 4942F51C20B1F55000438F3A /* Build configuration list for PBXNativeTarget "CoordinatorsExample" */;
			buildPhases = (
				4942F50620B1F54F00438F3A /* Sources */,
				4942F50720B1F54F00438F3A /* Frameworks */,
				4942F50820B1F54F00438F3A /* Resources */,
			);
			buildRules = (
			);
			dependencies = (
			);
			name = CoordinatorsExample;
			productName = CoordinatorsExample;
			productReference = 4942F50A20B1F54F00438F3A /* CoordinatorsExample.app */;
			productType = "com.apple.product-type.application";
		};
/* End PBXNativeTarget section */

/* Begin PBXProject section */
		4942F50220B1F54F00438F3A /* Project object */ = {
			isa = PBXProject;
			attributes = {
				LastSwiftUpdateCheck = 0930;
				LastUpgradeCheck = 0930;
				ORGANIZATIONNAME = "CodeTank Labs LLC";
				TargetAttributes = {
					4942F50920B1F54F00438F3A = {
						CreatedOnToolsVersion = 9.3.1;
					};
				};
			};
			buildConfigurationList = 4942F50520B1F54F00438F3A /* Build configuration list for PBXProject "CoordinatorsExample" */;
			compatibilityVersion = "Xcode 9.3";
			developmentRegion = en;
			hasScannedForEncodings = 0;
			knownRegions = (
				en,
				Base,
			);
			mainGroup = 4942F50120B1F54F00438F3A;
			productRefGroup = 4942F50B20B1F54F00438F3A /* Products */;
			projectDirPath = "";
			projectRoot = "";
			targets = (
				4942F50920B1F54F00438F3A /* CoordinatorsExample */,
			);
		};
/* End PBXProject section */

/* Begin PBXResourcesBuildPhase section */
		4942F50820B1F54F00438F3A /* Resources */ = {
			isa = PBXResourcesBuildPhase;
			buildActionMask = 2147483647;
			files = (
				49DA06A920B2454F00607A44 /* Login.storyboard in Resources */,
				49DA06AD20B24FEC00607A44 /* Main.storyboard in Resources */,
				4942F51820B1F55000438F3A /* LaunchScreen.storyboard in Resources */,
				4942F51520B1F55000438F3A /* Assets.xcassets in Resources */,
				49DA06AB20B2455D00607A44 /* Heroes.storyboard in Resources */,
			);
			runOnlyForDeploymentPostprocessing = 0;
		};
/* End PBXResourcesBuildPhase section */

/* Begin PBXSourcesBuildPhase section */
		4942F50620B1F54F00438F3A /* Sources */ = {
			isa = PBXSourcesBuildPhase;
			buildActionMask = 2147483647;
			files = (
				49DA069F20B244E300607A44 /* ForgotPasswordViewController.swift in Sources */,
				49DA069D20B244C800607A44 /* LoginViewController.swift in Sources */,
				49DA069B20B244AB00607A44 /* LoginCoordinator.swift in Sources */,
				49DA06A720B2453800607A44 /* PowersViewController.swift in Sources */,
				49DA069520B2415500607A44 /* Coordinator.swift in Sources */,
				49DA06A520B2452D00607A44 /* HeroesViewController.swift in Sources */,
				4927E22820B25D3D00B48243 /* Heroes.swift in Sources */,
				49DA069920B2427100607A44 /* AppCoordinator.swift in Sources */,
				4942F50E20B1F54F00438F3A /* AppDelegate.swift in Sources */,
				49DA069320B240E900607A44 /* StoryboardIdentifiable.swift in Sources */,
				49DA06A320B2451F00607A44 /* HeroesCoordinator.swift in Sources */,
			);
			runOnlyForDeploymentPostprocessing = 0;
		};
/* End PBXSourcesBuildPhase section */

/* Begin PBXVariantGroup section */
		4942F51620B1F55000438F3A /* LaunchScreen.storyboard */ = {
			isa = PBXVariantGroup;
			children = (
				4942F51720B1F55000438F3A /* Base */,
			);
			name = LaunchScreen.storyboard;
			sourceTree = "<group>";
		};
/* End PBXVariantGroup section */

/* Begin XCBuildConfiguration section */
		4942F51A20B1F55000438F3A /* Debug */ = {
			isa = XCBuildConfiguration;
			buildSettings = {
				ALWAYS_SEARCH_USER_PATHS = NO;
				CLANG_ANALYZER_NONNULL = YES;
				CLANG_ANALYZER_NUMBER_OBJECT_CONVERSION = YES_AGGRESSIVE;
				CLANG_CXX_LANGUAGE_STANDARD = "gnu++14";
				CLANG_CXX_LIBRARY = "libc++";
				CLANG_ENABLE_MODULES = YES;
				CLANG_ENABLE_OBJC_ARC = YES;
				CLANG_ENABLE_OBJC_WEAK = YES;
				CLANG_WARN_BLOCK_CAPTURE_AUTORELEASING = YES;
				CLANG_WARN_BOOL_CONVERSION = YES;
				CLANG_WARN_COMMA = YES;
				CLANG_WARN_CONSTANT_CONVERSION = YES;
				CLANG_WARN_DEPRECATED_OBJC_IMPLEMENTATIONS = YES;
				CLANG_WARN_DIRECT_OBJC_ISA_USAGE = YES_ERROR;
				CLANG_WARN_DOCUMENTATION_COMMENTS = YES;
				CLANG_WARN_EMPTY_BODY = YES;
				CLANG_WARN_ENUM_CONVERSION = YES;
				CLANG_WARN_INFINITE_RECURSION = YES;
				CLANG_WARN_INT_CONVERSION = YES;
				CLANG_WARN_NON_LITERAL_NULL_CONVERSION = YES;
				CLANG_WARN_OBJC_IMPLICIT_RETAIN_SELF = YES;
				CLANG_WARN_OBJC_LITERAL_CONVERSION = YES;
				CLANG_WARN_OBJC_ROOT_CLASS = YES_ERROR;
				CLANG_WARN_RANGE_LOOP_ANALYSIS = YES;
				CLANG_WARN_STRICT_PROTOTYPES = YES;
				CLANG_WARN_SUSPICIOUS_MOVE = YES;
				CLANG_WARN_UNGUARDED_AVAILABILITY = YES_AGGRESSIVE;
				CLANG_WARN_UNREACHABLE_CODE = YES;
				CLANG_WARN__DUPLICATE_METHOD_MATCH = YES;
				CODE_SIGN_IDENTITY = "iPhone Developer";
				COPY_PHASE_STRIP = NO;
				DEBUG_INFORMATION_FORMAT = dwarf;
				ENABLE_STRICT_OBJC_MSGSEND = YES;
				ENABLE_TESTABILITY = YES;
				GCC_C_LANGUAGE_STANDARD = gnu11;
				GCC_DYNAMIC_NO_PIC = NO;
				GCC_NO_COMMON_BLOCKS = YES;
				GCC_OPTIMIZATION_LEVEL = 0;
				GCC_PREPROCESSOR_DEFINITIONS = (
					"DEBUG=1",
					"$(inherited)",
				);
				GCC_WARN_64_TO_32_BIT_CONVERSION = YES;
				GCC_WARN_ABOUT_RETURN_TYPE = YES_ERROR;
				GCC_WARN_UNDECLARED_SELECTOR = YES;
				GCC_WARN_UNINITIALIZED_AUTOS = YES_AGGRESSIVE;
				GCC_WARN_UNUSED_FUNCTION = YES;
				GCC_WARN_UNUSED_VARIABLE = YES;
				IPHONEOS_DEPLOYMENT_TARGET = 11.3;
				MTL_ENABLE_DEBUG_INFO = YES;
				ONLY_ACTIVE_ARCH = YES;
				SDKROOT = iphoneos;
				SWIFT_ACTIVE_COMPILATION_CONDITIONS = DEBUG;
				SWIFT_OPTIMIZATION_LEVEL = "-Onone";
			};
			name = Debug;
		};
		4942F51B20B1F55000438F3A /* Release */ = {
			isa = XCBuildConfiguration;
			buildSettings = {
				ALWAYS_SEARCH_USER_PATHS = NO;
				CLANG_ANALYZER_NONNULL = YES;
				CLANG_ANALYZER_NUMBER_OBJECT_CONVERSION = YES_AGGRESSIVE;
				CLANG_CXX_LANGUAGE_STANDARD = "gnu++14";
				CLANG_CXX_LIBRARY = "libc++";
				CLANG_ENABLE_MODULES = YES;
				CLANG_ENABLE_OBJC_ARC = YES;
				CLANG_ENABLE_OBJC_WEAK = YES;
				CLANG_WARN_BLOCK_CAPTURE_AUTORELEASING = YES;
				CLANG_WARN_BOOL_CONVERSION = YES;
				CLANG_WARN_COMMA = YES;
				CLANG_WARN_CONSTANT_CONVERSION = YES;
				CLANG_WARN_DEPRECATED_OBJC_IMPLEMENTATIONS = YES;
				CLANG_WARN_DIRECT_OBJC_ISA_USAGE = YES_ERROR;
				CLANG_WARN_DOCUMENTATION_COMMENTS = YES;
				CLANG_WARN_EMPTY_BODY = YES;
				CLANG_WARN_ENUM_CONVERSION = YES;
				CLANG_WARN_INFINITE_RECURSION = YES;
				CLANG_WARN_INT_CONVERSION = YES;
				CLANG_WARN_NON_LITERAL_NULL_CONVERSION = YES;
				CLANG_WARN_OBJC_IMPLICIT_RETAIN_SELF = YES;
				CLANG_WARN_OBJC_LITERAL_CONVERSION = YES;
				CLANG_WARN_OBJC_ROOT_CLASS = YES_ERROR;
				CLANG_WARN_RANGE_LOOP_ANALYSIS = YES;
				CLANG_WARN_STRICT_PROTOTYPES = YES;
				CLANG_WARN_SUSPICIOUS_MOVE = YES;
				CLANG_WARN_UNGUARDED_AVAILABILITY = YES_AGGRESSIVE;
				CLANG_WARN_UNREACHABLE_CODE = YES;
				CLANG_WARN__DUPLICATE_METHOD_MATCH = YES;
				CODE_SIGN_IDENTITY = "iPhone Developer";
				COPY_PHASE_STRIP = NO;
				DEBUG_INFORMATION_FORMAT = "dwarf-with-dsym";
				ENABLE_NS_ASSERTIONS = NO;
				ENABLE_STRICT_OBJC_MSGSEND = YES;
				GCC_C_LANGUAGE_STANDARD = gnu11;
				GCC_NO_COMMON_BLOCKS = YES;
				GCC_WARN_64_TO_32_BIT_CONVERSION = YES;
				GCC_WARN_ABOUT_RETURN_TYPE = YES_ERROR;
				GCC_WARN_UNDECLARED_SELECTOR = YES;
				GCC_WARN_UNINITIALIZED_AUTOS = YES_AGGRESSIVE;
				GCC_WARN_UNUSED_FUNCTION = YES;
				GCC_WARN_UNUSED_VARIABLE = YES;
				IPHONEOS_DEPLOYMENT_TARGET = 11.3;
				MTL_ENABLE_DEBUG_INFO = NO;
				SDKROOT = iphoneos;
				SWIFT_COMPILATION_MODE = wholemodule;
				SWIFT_OPTIMIZATION_LEVEL = "-O";
				VALIDATE_PRODUCT = YES;
			};
			name = Release;
		};
		4942F51D20B1F55000438F3A /* Debug */ = {
			isa = XCBuildConfiguration;
			buildSettings = {
				ASSETCATALOG_COMPILER_APPICON_NAME = AppIcon;
				CODE_SIGN_STYLE = Manual;
				DEVELOPMENT_TEAM = "";
				INFOPLIST_FILE = CoordinatorsExample/Info.plist;
				LD_RUNPATH_SEARCH_PATHS = (
					"$(inherited)",
					"@executable_path/Frameworks",
				);
				PRODUCT_BUNDLE_IDENTIFIER = com.codetanklabs.CoordinatorsExample;
				PRODUCT_NAME = "$(TARGET_NAME)";
				PROVISIONING_PROFILE_SPECIFIER = "";
				SWIFT_VERSION = 4.0;
				TARGETED_DEVICE_FAMILY = "1,2";
			};
			name = Debug;
		};
		4942F51E20B1F55000438F3A /* Release */ = {
			isa = XCBuildConfiguration;
			buildSettings = {
				ASSETCATALOG_COMPILER_APPICON_NAME = AppIcon;
				CODE_SIGN_STYLE = Manual;
				DEVELOPMENT_TEAM = "";
				INFOPLIST_FILE = CoordinatorsExample/Info.plist;
				LD_RUNPATH_SEARCH_PATHS = (
					"$(inherited)",
					"@executable_path/Frameworks",
				);
				PRODUCT_BUNDLE_IDENTIFIER = com.codetanklabs.CoordinatorsExample;
				PRODUCT_NAME = "$(TARGET_NAME)";
				PROVISIONING_PROFILE_SPECIFIER = "";
				SWIFT_VERSION = 4.0;
				TARGETED_DEVICE_FAMILY = "1,2";
			};
			name = Release;
		};
/* End XCBuildConfiguration section */

/* Begin XCConfigurationList section */
		4942F50520B1F54F00438F3A /* Build configuration list for PBXProject "CoordinatorsExample" */ = {
			isa = XCConfigurationList;
			buildConfigurations = (
				4942F51A20B1F55000438F3A /* Debug */,
				4942F51B20B1F55000438F3A /* Release */,
			);
			defaultConfigurationIsVisible = 0;
			defaultConfigurationName = Release;
		};
		4942F51C20B1F55000438F3A /* Build configuration list for PBXNativeTarget "CoordinatorsExample" */ = {
			isa = XCConfigurationList;
			buildConfigurations = (
				4942F51D20B1F55000438F3A /* Debug */,
				4942F51E20B1F55000438F3A /* Release */,
			);
			defaultConfigurationIsVisible = 0;
			defaultConfigurationName = Release;
		};
/* End XCConfigurationList section */
	};
	rootObject = 4942F50220B1F54F00438F3A /* Project object */;
}
